
Microsoft Visual Studio Solution File, Format Version 12.00
# Visual Studio Version 17
VisualStudioVersion = 17.3.32929.385
MinimumVisualStudioVersion = 10.0.40219.1
Project("{9A19103F-16F7-4668-BE54-9A1E7A4F7556}") = "Beelina.API", "Beelina.API\Beelina.API.csproj", "{FE64D6E2-4D0D-4D20-B630-F51BBD03C497}"
EndProject
Project("{FAE04EC0-301F-11D3-BF4B-00C04F79EFBC}") = "Beelina.LIB", "Beelina.LIB\Beelina.LIB.csproj", "{0B122F2E-DB3F-4BBD-8FF6-79B44981C507}"
EndProject
Global
	GlobalSection(SolutionConfigurationPlatforms) = preSolution
		Debug|Any CPU = Debug|Any CPU
		Release|Any CPU = Release|Any CPU
	EndGlobalSection
	GlobalSection(ProjectConfigurationPlatforms) = postSolution
		{FE64D6E2-4D0D-4D20-B630-F51BBD03C497}.Debug|Any CPU.ActiveCfg = Debug|Any CPU
		{FE64D6E2-4D0D-4D20-B630-F51BBD03C497}.Debug|Any CPU.Build.0 = Debug|Any CPU
		{FE64D6E2-4D0D-4D20-B630-F51BBD03C497}.Release|Any CPU.ActiveCfg = Release|Any CPU
		{FE64D6E2-4D0D-4D20-B630-F51BBD03C497}.Release|Any CPU.Build.0 = Release|Any CPU
		{0B122F2E-DB3F-4BBD-8FF6-79B44981C507}.Debug|Any CPU.ActiveCfg = Debug|Any CPU
		{0B122F2E-DB3F-4BBD-8FF6-79B44981C507}.Debug|Any CPU.Build.0 = Debug|Any CPU
		{0B122F2E-DB3F-4BBD-8FF6-79B44981C507}.Release|Any CPU.ActiveCfg = Release|Any CPU
		{0B122F2E-DB3F-4BBD-8FF6-79B44981C507}.Release|Any CPU.Build.0 = Release|Any CPU
	EndGlobalSection
	GlobalSection(SolutionProperties) = preSolution
		HideSolutionNode = FALSE
	EndGlobalSection
	GlobalSection(ExtensibilityGlobals) = postSolution
		SolutionGuid = {9901C095-F508-42BD-8B12-F3F240B458F2}
	EndGlobalSection
EndGlobal
